
Microsoft Visual Studio Solution File, Format Version 12.00
# Visual Studio Version 17
VisualStudioVersion = 17.0.31903.59
MinimumVisualStudioVersion = 10.0.40219.1
Project("{2150E333-8FDC-42A3-9474-1A3956D46DE8}") = "lib", "lib", "{06D4B7D4-9E20-4355-9C5C-221C7C8FB09E}"
EndProject
Project("{FAE04EC0-301F-11D3-BF4B-00C04F79EFBC}") = "Framework.Ddd", "lib\Framework.Ddd\Framework.Ddd.csproj", "{780E5607-C832-47CD-8834-E648F9286A79}"
EndProject
Project("{FAE04EC0-301F-11D3-BF4B-00C04F79EFBC}") = "Framework.Outbox", "lib\Framework.Outbox\Framework.Outbox.csproj", "{E2366802-B986-4883-89C9-9CF0DF39844D}"
EndProject
Project("{2150E333-8FDC-42A3-9474-1A3956D46DE8}") = "src", "src", "{09858911-FFAC-4C2B-B09C-97D63377EE9E}"
EndProject
Project("{2150E333-8FDC-42A3-9474-1A3956D46DE8}") = "Echo", "Echo", "{1913E62B-591E-4C2F-AC36-99852E817274}"
EndProject
Project("{FAE04EC0-301F-11D3-BF4B-00C04F79EFBC}") = "App", "src\Echo\App\App.csproj", "{E427D7B3-757E-4E08-95A6-CA605D1CD9C1}"
EndProject
Project("{2150E333-8FDC-42A3-9474-1A3956D46DE8}") = "Components", "Components", "{B3239311-B9B0-49E6-B6E4-FDC63C32DC06}"
EndProject
Project("{FAE04EC0-301F-11D3-BF4B-00C04F79EFBC}") = "Api", "src\Echo\Components\Api\Api.csproj", "{D18989D9-6DE6-4C79-B73F-C1024C8C7B86}"
EndProject
Project("{FAE04EC0-301F-11D3-BF4B-00C04F79EFBC}") = "Publisher", "src\Echo\Components\Publisher\Publisher.csproj", "{F042EBF4-FE86-4DB9-A518-07445E0EFF32}"
EndProject
Project("{FAE04EC0-301F-11D3-BF4B-00C04F79EFBC}") = "Subscriber", "src\Echo\Components\Subscriber\Subscriber.csproj", "{105C2B41-A202-4467-ADC5-D4EE1EB9251A}"
EndProject
Project("{2150E333-8FDC-42A3-9474-1A3956D46DE8}") = "Core", "Core", "{B0C90DF5-A033-41E2-BF6E-33B87C9F0022}"
EndProject
Project("{FAE04EC0-301F-11D3-BF4B-00C04F79EFBC}") = "Application", "src\Echo\Core\Application\Application.csproj", "{96706FBF-78B2-4E74-B614-034E7BBF529D}"
EndProject
Project("{FAE04EC0-301F-11D3-BF4B-00C04F79EFBC}") = "Domain", "src\Echo\Core\Domain\Domain.csproj", "{91D10D21-B153-4B33-908C-8D3E6DBBF341}"
EndProject
Project("{FAE04EC0-301F-11D3-BF4B-00C04F79EFBC}") = "Infrastructure", "src\Echo\Core\Infrastructure\Infrastructure.csproj", "{C3B73DF8-1457-442C-A6E6-EE6264CBD589}"
EndProject
Project("{FAE04EC0-301F-11D3-BF4B-00C04F79EFBC}") = "Contracts", "src\Echo\Core\Contracts\Contracts.csproj", "{647BDFC8-FEAF-42F8-A12E-E7914C7AE393}"
EndProject
Project("{2150E333-8FDC-42A3-9474-1A3956D46DE8}") = "Translate", "Translate", "{F01A301A-5EEE-4F38-AD65-A614F7D09DF7}"
EndProject
Project("{FAE04EC0-301F-11D3-BF4B-00C04F79EFBC}") = "App", "src\Translate\App\App.csproj", "{E17BC476-C8C8-4E29-9A67-7324AE74D203}"
EndProject
Project("{2150E333-8FDC-42A3-9474-1A3956D46DE8}") = "Components", "Components", "{53EE5895-C6A2-40F1-8E72-4245A6480417}"
EndProject
Project("{FAE04EC0-301F-11D3-BF4B-00C04F79EFBC}") = "Api", "src\Translate\Components\Api\Api.csproj", "{D45192AD-5AB0-4920-BA2D-1EDF3440003E}"
EndProject
Project("{FAE04EC0-301F-11D3-BF4B-00C04F79EFBC}") = "Publisher", "src\Translate\Components\Publisher\Publisher.csproj", "{4E458CCE-5976-48B7-9FDC-3CECD32254E3}"
EndProject
Project("{FAE04EC0-301F-11D3-BF4B-00C04F79EFBC}") = "Subscriber", "src\Translate\Components\Subscriber\Subscriber.csproj", "{1D10DDE2-F36B-42B3-9F9B-C225B9A8A2CC}"
EndProject
Project("{2150E333-8FDC-42A3-9474-1A3956D46DE8}") = "Core", "Core", "{7E4B526F-9389-430A-AA38-426AE3F4158E}"
EndProject
Project("{FAE04EC0-301F-11D3-BF4B-00C04F79EFBC}") = "Application", "src\Translate\Core\Application\Application.csproj", "{951FE88E-98A5-4045-B440-7A97D5186369}"
EndProject
Project("{FAE04EC0-301F-11D3-BF4B-00C04F79EFBC}") = "Contracts", "src\Translate\Core\Contracts\Contracts.csproj", "{C1AE8971-4C2A-4589-9C0E-992F45137754}"
EndProject
Project("{FAE04EC0-301F-11D3-BF4B-00C04F79EFBC}") = "Infrastructure", "src\Translate\Core\Infrastructure\Infrastructure.csproj", "{CF49752B-07E5-49F6-85EA-5FD0E3EECF40}"
EndProject
Project("{FAE04EC0-301F-11D3-BF4B-00C04F79EFBC}") = "Domain", "src\Translate\Core\Domain\Domain.csproj", "{FFEC62B8-A3B8-4008-96CD-D0F211C44BA5}"
EndProject
Project("{2150E333-8FDC-42A3-9474-1A3956D46DE8}") = "Notifications", "Notifications", "{920CCEC7-27D1-4B2D-A106-F3C2872BE2DF}"
EndProject
Project("{FAE04EC0-301F-11D3-BF4B-00C04F79EFBC}") = "App", "src\Notifications\App\App.csproj", "{DF84EA46-4F64-4C65-A8C2-1412CA89CDEE}"
EndProject
Project("{2150E333-8FDC-42A3-9474-1A3956D46DE8}") = "Components", "Components", "{F6C07BF1-D7BE-4849-988F-BCA5C21839D3}"
EndProject
Project("{FAE04EC0-301F-11D3-BF4B-00C04F79EFBC}") = "Api", "src\Notifications\Components\Api\Api.csproj", "{17FFAE5B-D47D-4A50-A0F2-32C251BC21DE}"
EndProject
Project("{FAE04EC0-301F-11D3-BF4B-00C04F79EFBC}") = "Publisher", "src\Notifications\Components\Publisher\Publisher.csproj", "{DEAF61D5-02D2-45A4-B41C-7F2D0C0A6C1A}"
EndProject
Project("{FAE04EC0-301F-11D3-BF4B-00C04F79EFBC}") = "Subscriber", "src\Notifications\Components\Subscriber\Subscriber.csproj", "{F078E126-C9A1-4BAF-94E6-99B643B6A7B8}"
EndProject
Project("{2150E333-8FDC-42A3-9474-1A3956D46DE8}") = "Core", "Core", "{83E283E9-4273-4AAE-B22A-7280840CB3CF}"
EndProject
Project("{FAE04EC0-301F-11D3-BF4B-00C04F79EFBC}") = "Contracts", "src\Notifications\Core\Contracts\Contracts.csproj", "{7BEB004C-C734-4E2B-96B8-C1997EE73B34}"
EndProject
Project("{FAE04EC0-301F-11D3-BF4B-00C04F79EFBC}") = "Infrastructure", "src\Notifications\Core\Infrastructure\Infrastructure.csproj", "{5873A50E-0A10-476D-A665-C4B56B949BE3}"
EndProject
Project("{FAE04EC0-301F-11D3-BF4B-00C04F79EFBC}") = "Application", "src\Notifications\Core\Application\Application.csproj", "{19DE1771-C13E-4E12-B450-609395494D07}"
EndProject
Project("{FAE04EC0-301F-11D3-BF4B-00C04F79EFBC}") = "Domain", "src\Notifications\Core\Domain\Domain.csproj", "{99266AF1-0929-4CE1-8F86-C7890D2A49FB}"
EndProject
Global
	GlobalSection(SolutionConfigurationPlatforms) = preSolution
		Debug|Any CPU = Debug|Any CPU
		Release|Any CPU = Release|Any CPU
	EndGlobalSection
	GlobalSection(SolutionProperties) = preSolution
		HideSolutionNode = FALSE
	EndGlobalSection
	GlobalSection(ProjectConfigurationPlatforms) = postSolution
		{780E5607-C832-47CD-8834-E648F9286A79}.Debug|Any CPU.ActiveCfg = Debug|Any CPU
		{780E5607-C832-47CD-8834-E648F9286A79}.Debug|Any CPU.Build.0 = Debug|Any CPU
		{780E5607-C832-47CD-8834-E648F9286A79}.Release|Any CPU.ActiveCfg = Release|Any CPU
		{780E5607-C832-47CD-8834-E648F9286A79}.Release|Any CPU.Build.0 = Release|Any CPU
		{E2366802-B986-4883-89C9-9CF0DF39844D}.Debug|Any CPU.ActiveCfg = Debug|Any CPU
		{E2366802-B986-4883-89C9-9CF0DF39844D}.Debug|Any CPU.Build.0 = Debug|Any CPU
		{E2366802-B986-4883-89C9-9CF0DF39844D}.Release|Any CPU.ActiveCfg = Release|Any CPU
		{E2366802-B986-4883-89C9-9CF0DF39844D}.Release|Any CPU.Build.0 = Release|Any CPU
		{E427D7B3-757E-4E08-95A6-CA605D1CD9C1}.Debug|Any CPU.ActiveCfg = Debug|Any CPU
		{E427D7B3-757E-4E08-95A6-CA605D1CD9C1}.Debug|Any CPU.Build.0 = Debug|Any CPU
		{E427D7B3-757E-4E08-95A6-CA605D1CD9C1}.Release|Any CPU.ActiveCfg = Release|Any CPU
		{E427D7B3-757E-4E08-95A6-CA605D1CD9C1}.Release|Any CPU.Build.0 = Release|Any CPU
		{D18989D9-6DE6-4C79-B73F-C1024C8C7B86}.Debug|Any CPU.ActiveCfg = Debug|Any CPU
		{D18989D9-6DE6-4C79-B73F-C1024C8C7B86}.Debug|Any CPU.Build.0 = Debug|Any CPU
		{D18989D9-6DE6-4C79-B73F-C1024C8C7B86}.Release|Any CPU.ActiveCfg = Release|Any CPU
		{D18989D9-6DE6-4C79-B73F-C1024C8C7B86}.Release|Any CPU.Build.0 = Release|Any CPU
		{F042EBF4-FE86-4DB9-A518-07445E0EFF32}.Debug|Any CPU.ActiveCfg = Debug|Any CPU
		{F042EBF4-FE86-4DB9-A518-07445E0EFF32}.Debug|Any CPU.Build.0 = Debug|Any CPU
		{F042EBF4-FE86-4DB9-A518-07445E0EFF32}.Release|Any CPU.ActiveCfg = Release|Any CPU
		{F042EBF4-FE86-4DB9-A518-07445E0EFF32}.Release|Any CPU.Build.0 = Release|Any CPU
		{105C2B41-A202-4467-ADC5-D4EE1EB9251A}.Debug|Any CPU.ActiveCfg = Debug|Any CPU
		{105C2B41-A202-4467-ADC5-D4EE1EB9251A}.Debug|Any CPU.Build.0 = Debug|Any CPU
		{105C2B41-A202-4467-ADC5-D4EE1EB9251A}.Release|Any CPU.ActiveCfg = Release|Any CPU
		{105C2B41-A202-4467-ADC5-D4EE1EB9251A}.Release|Any CPU.Build.0 = Release|Any CPU
		{96706FBF-78B2-4E74-B614-034E7BBF529D}.Debug|Any CPU.ActiveCfg = Debug|Any CPU
		{96706FBF-78B2-4E74-B614-034E7BBF529D}.Debug|Any CPU.Build.0 = Debug|Any CPU
		{96706FBF-78B2-4E74-B614-034E7BBF529D}.Release|Any CPU.ActiveCfg = Release|Any CPU
		{96706FBF-78B2-4E74-B614-034E7BBF529D}.Release|Any CPU.Build.0 = Release|Any CPU
		{91D10D21-B153-4B33-908C-8D3E6DBBF341}.Debug|Any CPU.ActiveCfg = Debug|Any CPU
		{91D10D21-B153-4B33-908C-8D3E6DBBF341}.Debug|Any CPU.Build.0 = Debug|Any CPU
		{91D10D21-B153-4B33-908C-8D3E6DBBF341}.Release|Any CPU.ActiveCfg = Release|Any CPU
		{91D10D21-B153-4B33-908C-8D3E6DBBF341}.Release|Any CPU.Build.0 = Release|Any CPU
		{C3B73DF8-1457-442C-A6E6-EE6264CBD589}.Debug|Any CPU.ActiveCfg = Debug|Any CPU
		{C3B73DF8-1457-442C-A6E6-EE6264CBD589}.Debug|Any CPU.Build.0 = Debug|Any CPU
		{C3B73DF8-1457-442C-A6E6-EE6264CBD589}.Release|Any CPU.ActiveCfg = Release|Any CPU
		{C3B73DF8-1457-442C-A6E6-EE6264CBD589}.Release|Any CPU.Build.0 = Release|Any CPU
		{647BDFC8-FEAF-42F8-A12E-E7914C7AE393}.Debug|Any CPU.ActiveCfg = Debug|Any CPU
		{647BDFC8-FEAF-42F8-A12E-E7914C7AE393}.Debug|Any CPU.Build.0 = Debug|Any CPU
		{647BDFC8-FEAF-42F8-A12E-E7914C7AE393}.Release|Any CPU.ActiveCfg = Release|Any CPU
		{647BDFC8-FEAF-42F8-A12E-E7914C7AE393}.Release|Any CPU.Build.0 = Release|Any CPU
		{E17BC476-C8C8-4E29-9A67-7324AE74D203}.Debug|Any CPU.ActiveCfg = Debug|Any CPU
		{E17BC476-C8C8-4E29-9A67-7324AE74D203}.Debug|Any CPU.Build.0 = Debug|Any CPU
		{E17BC476-C8C8-4E29-9A67-7324AE74D203}.Release|Any CPU.ActiveCfg = Release|Any CPU
		{E17BC476-C8C8-4E29-9A67-7324AE74D203}.Release|Any CPU.Build.0 = Release|Any CPU
		{D45192AD-5AB0-4920-BA2D-1EDF3440003E}.Debug|Any CPU.ActiveCfg = Debug|Any CPU
		{D45192AD-5AB0-4920-BA2D-1EDF3440003E}.Debug|Any CPU.Build.0 = Debug|Any CPU
		{D45192AD-5AB0-4920-BA2D-1EDF3440003E}.Release|Any CPU.ActiveCfg = Release|Any CPU
		{D45192AD-5AB0-4920-BA2D-1EDF3440003E}.Release|Any CPU.Build.0 = Release|Any CPU
		{4E458CCE-5976-48B7-9FDC-3CECD32254E3}.Debug|Any CPU.ActiveCfg = Debug|Any CPU
		{4E458CCE-5976-48B7-9FDC-3CECD32254E3}.Debug|Any CPU.Build.0 = Debug|Any CPU
		{4E458CCE-5976-48B7-9FDC-3CECD32254E3}.Release|Any CPU.ActiveCfg = Release|Any CPU
		{4E458CCE-5976-48B7-9FDC-3CECD32254E3}.Release|Any CPU.Build.0 = Release|Any CPU
		{1D10DDE2-F36B-42B3-9F9B-C225B9A8A2CC}.Debug|Any CPU.ActiveCfg = Debug|Any CPU
		{1D10DDE2-F36B-42B3-9F9B-C225B9A8A2CC}.Debug|Any CPU.Build.0 = Debug|Any CPU
		{1D10DDE2-F36B-42B3-9F9B-C225B9A8A2CC}.Release|Any CPU.ActiveCfg = Release|Any CPU
		{1D10DDE2-F36B-42B3-9F9B-C225B9A8A2CC}.Release|Any CPU.Build.0 = Release|Any CPU
		{951FE88E-98A5-4045-B440-7A97D5186369}.Debug|Any CPU.ActiveCfg = Debug|Any CPU
		{951FE88E-98A5-4045-B440-7A97D5186369}.Debug|Any CPU.Build.0 = Debug|Any CPU
		{951FE88E-98A5-4045-B440-7A97D5186369}.Release|Any CPU.ActiveCfg = Release|Any CPU
		{951FE88E-98A5-4045-B440-7A97D5186369}.Release|Any CPU.Build.0 = Release|Any CPU
		{C1AE8971-4C2A-4589-9C0E-992F45137754}.Debug|Any CPU.ActiveCfg = Debug|Any CPU
		{C1AE8971-4C2A-4589-9C0E-992F45137754}.Debug|Any CPU.Build.0 = Debug|Any CPU
		{C1AE8971-4C2A-4589-9C0E-992F45137754}.Release|Any CPU.ActiveCfg = Release|Any CPU
		{C1AE8971-4C2A-4589-9C0E-992F45137754}.Release|Any CPU.Build.0 = Release|Any CPU
		{CF49752B-07E5-49F6-85EA-5FD0E3EECF40}.Debug|Any CPU.ActiveCfg = Debug|Any CPU
		{CF49752B-07E5-49F6-85EA-5FD0E3EECF40}.Debug|Any CPU.Build.0 = Debug|Any CPU
		{CF49752B-07E5-49F6-85EA-5FD0E3EECF40}.Release|Any CPU.ActiveCfg = Release|Any CPU
		{CF49752B-07E5-49F6-85EA-5FD0E3EECF40}.Release|Any CPU.Build.0 = Release|Any CPU
		{FFEC62B8-A3B8-4008-96CD-D0F211C44BA5}.Debug|Any CPU.ActiveCfg = Debug|Any CPU
		{FFEC62B8-A3B8-4008-96CD-D0F211C44BA5}.Debug|Any CPU.Build.0 = Debug|Any CPU
		{FFEC62B8-A3B8-4008-96CD-D0F211C44BA5}.Release|Any CPU.ActiveCfg = Release|Any CPU
		{FFEC62B8-A3B8-4008-96CD-D0F211C44BA5}.Release|Any CPU.Build.0 = Release|Any CPU
		{DF84EA46-4F64-4C65-A8C2-1412CA89CDEE}.Debug|Any CPU.ActiveCfg = Debug|Any CPU
		{DF84EA46-4F64-4C65-A8C2-1412CA89CDEE}.Debug|Any CPU.Build.0 = Debug|Any CPU
		{DF84EA46-4F64-4C65-A8C2-1412CA89CDEE}.Release|Any CPU.ActiveCfg = Release|Any CPU
		{DF84EA46-4F64-4C65-A8C2-1412CA89CDEE}.Release|Any CPU.Build.0 = Release|Any CPU
		{17FFAE5B-D47D-4A50-A0F2-32C251BC21DE}.Debug|Any CPU.ActiveCfg = Debug|Any CPU
		{17FFAE5B-D47D-4A50-A0F2-32C251BC21DE}.Debug|Any CPU.Build.0 = Debug|Any CPU
		{17FFAE5B-D47D-4A50-A0F2-32C251BC21DE}.Release|Any CPU.ActiveCfg = Release|Any CPU
		{17FFAE5B-D47D-4A50-A0F2-32C251BC21DE}.Release|Any CPU.Build.0 = Release|Any CPU
		{DEAF61D5-02D2-45A4-B41C-7F2D0C0A6C1A}.Debug|Any CPU.ActiveCfg = Debug|Any CPU
		{DEAF61D5-02D2-45A4-B41C-7F2D0C0A6C1A}.Debug|Any CPU.Build.0 = Debug|Any CPU
		{DEAF61D5-02D2-45A4-B41C-7F2D0C0A6C1A}.Release|Any CPU.ActiveCfg = Release|Any CPU
		{DEAF61D5-02D2-45A4-B41C-7F2D0C0A6C1A}.Release|Any CPU.Build.0 = Release|Any CPU
		{F078E126-C9A1-4BAF-94E6-99B643B6A7B8}.Debug|Any CPU.ActiveCfg = Debug|Any CPU
		{F078E126-C9A1-4BAF-94E6-99B643B6A7B8}.Debug|Any CPU.Build.0 = Debug|Any CPU
		{F078E126-C9A1-4BAF-94E6-99B643B6A7B8}.Release|Any CPU.ActiveCfg = Release|Any CPU
		{F078E126-C9A1-4BAF-94E6-99B643B6A7B8}.Release|Any CPU.Build.0 = Release|Any CPU
		{7BEB004C-C734-4E2B-96B8-C1997EE73B34}.Debug|Any CPU.ActiveCfg = Debug|Any CPU
		{7BEB004C-C734-4E2B-96B8-C1997EE73B34}.Debug|Any CPU.Build.0 = Debug|Any CPU
		{7BEB004C-C734-4E2B-96B8-C1997EE73B34}.Release|Any CPU.ActiveCfg = Release|Any CPU
		{7BEB004C-C734-4E2B-96B8-C1997EE73B34}.Release|Any CPU.Build.0 = Release|Any CPU
		{5873A50E-0A10-476D-A665-C4B56B949BE3}.Debug|Any CPU.ActiveCfg = Debug|Any CPU
		{5873A50E-0A10-476D-A665-C4B56B949BE3}.Debug|Any CPU.Build.0 = Debug|Any CPU
		{5873A50E-0A10-476D-A665-C4B56B949BE3}.Release|Any CPU.ActiveCfg = Release|Any CPU
		{5873A50E-0A10-476D-A665-C4B56B949BE3}.Release|Any CPU.Build.0 = Release|Any CPU
		{19DE1771-C13E-4E12-B450-609395494D07}.Debug|Any CPU.ActiveCfg = Debug|Any CPU
		{19DE1771-C13E-4E12-B450-609395494D07}.Debug|Any CPU.Build.0 = Debug|Any CPU
		{19DE1771-C13E-4E12-B450-609395494D07}.Release|Any CPU.ActiveCfg = Release|Any CPU
		{19DE1771-C13E-4E12-B450-609395494D07}.Release|Any CPU.Build.0 = Release|Any CPU
		{99266AF1-0929-4CE1-8F86-C7890D2A49FB}.Debug|Any CPU.ActiveCfg = Debug|Any CPU
		{99266AF1-0929-4CE1-8F86-C7890D2A49FB}.Debug|Any CPU.Build.0 = Debug|Any CPU
		{99266AF1-0929-4CE1-8F86-C7890D2A49FB}.Release|Any CPU.ActiveCfg = Release|Any CPU
		{99266AF1-0929-4CE1-8F86-C7890D2A49FB}.Release|Any CPU.Build.0 = Release|Any CPU
	EndGlobalSection
	GlobalSection(NestedProjects) = preSolution
		{780E5607-C832-47CD-8834-E648F9286A79} = {06D4B7D4-9E20-4355-9C5C-221C7C8FB09E}
		{E2366802-B986-4883-89C9-9CF0DF39844D} = {06D4B7D4-9E20-4355-9C5C-221C7C8FB09E}
		{1913E62B-591E-4C2F-AC36-99852E817274} = {09858911-FFAC-4C2B-B09C-97D63377EE9E}
		{E427D7B3-757E-4E08-95A6-CA605D1CD9C1} = {1913E62B-591E-4C2F-AC36-99852E817274}
		{B3239311-B9B0-49E6-B6E4-FDC63C32DC06} = {1913E62B-591E-4C2F-AC36-99852E817274}
		{D18989D9-6DE6-4C79-B73F-C1024C8C7B86} = {B3239311-B9B0-49E6-B6E4-FDC63C32DC06}
		{F042EBF4-FE86-4DB9-A518-07445E0EFF32} = {B3239311-B9B0-49E6-B6E4-FDC63C32DC06}
		{105C2B41-A202-4467-ADC5-D4EE1EB9251A} = {B3239311-B9B0-49E6-B6E4-FDC63C32DC06}
		{B0C90DF5-A033-41E2-BF6E-33B87C9F0022} = {1913E62B-591E-4C2F-AC36-99852E817274}
		{96706FBF-78B2-4E74-B614-034E7BBF529D} = {B0C90DF5-A033-41E2-BF6E-33B87C9F0022}
		{91D10D21-B153-4B33-908C-8D3E6DBBF341} = {B0C90DF5-A033-41E2-BF6E-33B87C9F0022}
		{C3B73DF8-1457-442C-A6E6-EE6264CBD589} = {B0C90DF5-A033-41E2-BF6E-33B87C9F0022}
		{647BDFC8-FEAF-42F8-A12E-E7914C7AE393} = {B0C90DF5-A033-41E2-BF6E-33B87C9F0022}
		{F01A301A-5EEE-4F38-AD65-A614F7D09DF7} = {09858911-FFAC-4C2B-B09C-97D63377EE9E}
		{E17BC476-C8C8-4E29-9A67-7324AE74D203} = {F01A301A-5EEE-4F38-AD65-A614F7D09DF7}
		{53EE5895-C6A2-40F1-8E72-4245A6480417} = {F01A301A-5EEE-4F38-AD65-A614F7D09DF7}
		{D45192AD-5AB0-4920-BA2D-1EDF3440003E} = {53EE5895-C6A2-40F1-8E72-4245A6480417}
		{4E458CCE-5976-48B7-9FDC-3CECD32254E3} = {53EE5895-C6A2-40F1-8E72-4245A6480417}
		{1D10DDE2-F36B-42B3-9F9B-C225B9A8A2CC} = {53EE5895-C6A2-40F1-8E72-4245A6480417}
		{7E4B526F-9389-430A-AA38-426AE3F4158E} = {F01A301A-5EEE-4F38-AD65-A614F7D09DF7}
		{951FE88E-98A5-4045-B440-7A97D5186369} = {7E4B526F-9389-430A-AA38-426AE3F4158E}
		{C1AE8971-4C2A-4589-9C0E-992F45137754} = {7E4B526F-9389-430A-AA38-426AE3F4158E}
		{CF49752B-07E5-49F6-85EA-5FD0E3EECF40} = {7E4B526F-9389-430A-AA38-426AE3F4158E}
		{FFEC62B8-A3B8-4008-96CD-D0F211C44BA5} = {7E4B526F-9389-430A-AA38-426AE3F4158E}
		{920CCEC7-27D1-4B2D-A106-F3C2872BE2DF} = {09858911-FFAC-4C2B-B09C-97D63377EE9E}
		{DF84EA46-4F64-4C65-A8C2-1412CA89CDEE} = {920CCEC7-27D1-4B2D-A106-F3C2872BE2DF}
		{F6C07BF1-D7BE-4849-988F-BCA5C21839D3} = {920CCEC7-27D1-4B2D-A106-F3C2872BE2DF}
		{17FFAE5B-D47D-4A50-A0F2-32C251BC21DE} = {F6C07BF1-D7BE-4849-988F-BCA5C21839D3}
		{DEAF61D5-02D2-45A4-B41C-7F2D0C0A6C1A} = {F6C07BF1-D7BE-4849-988F-BCA5C21839D3}
		{F078E126-C9A1-4BAF-94E6-99B643B6A7B8} = {F6C07BF1-D7BE-4849-988F-BCA5C21839D3}
		{83E283E9-4273-4AAE-B22A-7280840CB3CF} = {920CCEC7-27D1-4B2D-A106-F3C2872BE2DF}
		{7BEB004C-C734-4E2B-96B8-C1997EE73B34} = {83E283E9-4273-4AAE-B22A-7280840CB3CF}
		{5873A50E-0A10-476D-A665-C4B56B949BE3} = {83E283E9-4273-4AAE-B22A-7280840CB3CF}
		{19DE1771-C13E-4E12-B450-609395494D07} = {83E283E9-4273-4AAE-B22A-7280840CB3CF}
		{99266AF1-0929-4CE1-8F86-C7890D2A49FB} = {83E283E9-4273-4AAE-B22A-7280840CB3CF}
	EndGlobalSection
EndGlobal
